lockfileVersion: 5.4

specifiers:
  '@types/markdown-it': ^12.2.3
  '@types/node': ^16.9.1
  '@vue/repl': ^1.3.3
  '@vue/theme': ^2.2.0
  dynamics.js: ^1.1.5
  gsap: ^3.9.0
  terser: ^5.14.2
  vitepress: ^1.0.0-alpha.60
  vue: ^3.2.47

dependencies:
  '@vue/repl': 1.3.3_vue@3.2.47
  '@vue/theme': 2.2.0_ahv4xal3d4so6da4w2jgiudfwy
  dynamics.js: 1.1.5
  gsap: 3.9.0
  vitepress: 1.0.0-alpha.60_svno5mexjalzzlm4w6lhjlrqwe
  vue: 3.2.47

devDependencies:
  '@types/markdown-it': 12.2.3
  '@types/node': 16.10.3
  terser: 5.14.2

packages:

  /@algolia/autocomplete-core/1.7.4:
    resolution: {integrity: sha512-daoLpQ3ps/VTMRZDEBfU8ixXd+amZcNJ4QSP3IERGyzqnL5Ch8uSRFt/4G8pUvW9c3o6GA4vtVv4I4lmnkdXyg==}
    dependencies:
      '@algolia/autocomplete-shared': 1.7.4
    dev: false

  /@algolia/autocomplete-preset-algolia/1.7.4_algoliasearch@4.10.5:
    resolution: {integrity: sha512-s37hrvLEIfcmKY8VU9LsAXgm2yfmkdHT3DnA3SgHaY93yjZ2qL57wzb5QweVkYuEBZkT2PIREvRoLXC2sxTbpQ==}
    peerDependencies:
      '@algolia/client-search': '>= 4.9.1 < 6'
      algoliasearch: '>= 4.9.1 < 6'
    peerDependenciesMeta:
      '@algolia/client-search':
        optional: true
    dependencies:
      '@algolia/autocomplete-shared': 1.7.4
      algoliasearch: 4.10.5
    dev: false

  /@algolia/autocomplete-shared/1.7.4:
    resolution: {integrity: sha512-2VGCk7I9tA9Ge73Km99+Qg87w0wzW4tgUruvWAn/gfey1ZXgmxZtyIRBebk35R1O8TbK77wujVtCnpsGpRy1kg==}
    dev: false

  /@algolia/cache-browser-local-storage/4.10.5:
    resolution: {integrity: sha512-cfX2rEKOtuuljcGI5DMDHClwZHdDqd2nT2Ohsc8aHtBiz6bUxKVyIqxr2gaC6tU8AgPtrTVBzcxCA+UavXpKww==}
    dependencies:
      '@algolia/cache-common': 4.10.5
    dev: false

  /@algolia/cache-common/4.10.5:
    resolution: {integrity: sha512-1mClwdmTHll+OnHkG+yeRoFM17kSxDs4qXkjf6rNZhoZGXDvfYLy3YcZ1FX4Kyz0DJv8aroq5RYGBDsWkHj6Tw==}
    dev: false

  /@algolia/cache-in-memory/4.10.5:
    resolution: {integrity: sha512-+ciQnfIGi5wjMk02XhEY8fmy2pzy+oY1nIIfu8LBOglaSipCRAtjk6WhHc7/KIbXPiYzIwuDbM2K1+YOwSGjwA==}
    dependencies:
      '@algolia/cache-common': 4.10.5
    dev: false

  /@algolia/client-account/4.10.5:
    resolution: {integrity: sha512-I9UkSS2glXm7RBZYZIALjBMmXSQbw/fI/djPcBHxiwXIheNIlqIFl2SNPkvihpPF979BSkzjqdJNRPhE1vku3Q==}
    dependencies:
      '@algolia/client-common': 4.10.5
      '@algolia/client-search': 4.10.5
      '@algolia/transporter': 4.10.5
    dev: false

  /@algolia/client-analytics/4.10.5:
    resolution: {integrity: sha512-h2owwJSkovPxzc+xIsjY1pMl0gj+jdVwP9rcnGjlaTY2fqHbSLrR9yvGyyr6305LvTppxsQnfAbRdE/5Z3eFxw==}
    dependencies:
      '@algolia/client-common': 4.10.5
      '@algolia/client-search': 4.10.5
      '@algolia/requester-common': 4.10.5
      '@algolia/transporter': 4.10.5
    dev: false

  /@algolia/client-common/4.10.5:
    resolution: {integrity: sha512-21FAvIai5qm8DVmZHm2Gp4LssQ/a0nWwMchAx+1hIRj1TX7OcdW6oZDPyZ8asQdvTtK7rStQrRnD8a95SCUnzA==}
    dependencies:
      '@algolia/requester-common': 4.10.5
      '@algolia/transporter': 4.10.5
    dev: false

  /@algolia/client-personalization/4.10.5:
    resolution: {integrity: sha512-nH+IyFKBi8tCyzGOanJTbXC5t4dspSovX3+ABfmwKWUYllYzmiQNFUadpb3qo+MLA3jFx5IwBesjneN6dD5o3w==}
    dependencies:
      '@algolia/client-common': 4.10.5
      '@algolia/requester-common': 4.10.5
      '@algolia/transporter': 4.10.5
    dev: false

  /@algolia/client-search/4.10.5:
    resolution: {integrity: sha512-1eQFMz9uodrc5OM+9HeT+hHcfR1E1AsgFWXwyJ9Q3xejA2c1c4eObGgOgC9ZoshuHHdptaTN1m3rexqAxXRDBg==}
    dependencies:
      '@algolia/client-common': 4.10.5
      '@algolia/requester-common': 4.10.5
      '@algolia/transporter': 4.10.5
    dev: false

  /@algolia/logger-common/4.10.5:
    resolution: {integrity: sha512-gRJo9zt1UYP4k3woEmZm4iuEBIQd/FrArIsjzsL/b+ihNoOqIxZKTSuGFU4UUZOEhvmxDReiA4gzvQXG+TMTmA==}
    dev: false

  /@algolia/logger-console/4.10.5:
    resolution: {integrity: sha512-4WfIbn4253EDU12u9UiYvz+QTvAXDv39mKNg9xSoMCjKE5szcQxfcSczw2byc6pYhahOJ9PmxPBfs1doqsdTKQ==}
    dependencies:
      '@algolia/logger-common': 4.10.5
    dev: false

  /@algolia/requester-browser-xhr/4.10.5:
    resolution: {integrity: sha512-53/MURQEqtK+bGdfq4ITSPwTh5hnADU99qzvpAINGQveUFNSFGERipJxHjTJjIrjFz3vxj5kKwjtxDnU6ygO9g==}
    dependencies:
      '@algolia/requester-common': 4.10.5
    dev: false

  /@algolia/requester-common/4.10.5:
    resolution: {integrity: sha512-UkVa1Oyuj6NPiAEt5ZvrbVopEv1m/mKqjs40KLB+dvfZnNcj+9Fry4Oxnt15HMy/HLORXsx4UwcthAvBuOXE9Q==}
    dev: false

  /@algolia/requester-node-http/4.10.5:
    resolution: {integrity: sha512-aNEKVKXL4fiiC+bS7yJwAHdxln81ieBwY3tsMCtM4zF9f5KwCzY2OtN4WKEZa5AAADVcghSAUdyjs4AcGUlO5w==}
    dependencies:
      '@algolia/requester-common': 4.10.5
    dev: false

  /@algolia/transporter/4.10.5:
    resolution: {integrity: sha512-F8DLkmIlvCoMwSCZA3FKHtmdjH3o5clbt0pi2ktFStVNpC6ZDmY307HcK619bKP5xW6h8sVJhcvrLB775D2cyA==}
    dependencies:
      '@algolia/cache-common': 4.10.5
      '@algolia/logger-common': 4.10.5
      '@algolia/requester-common': 4.10.5
    dev: false

  /@babel/helper-validator-identifier/7.16.7:
    resolution: {integrity: sha512-hsEnFemeiW4D08A5gUAZxLBTXpZ39P+a+DGDsHw1yxqyQ/jzFEnxf5uTEGp+3bzAbNOxU1paTgYS4ECU/IgfDw==}
    engines: {node: '>=6.9.0'}
    dev: false

  /@babel/parser/7.16.4:
    resolution: {integrity: sha512-6V0qdPUaiVHH3RtZeLIsc+6pDhbYzHR8ogA8w+f+Wc77DuXto19g2QUwveINoS34Uw+W8/hQDGJCx+i4n7xcng==}
    engines: {node: '>=6.0.0'}
    hasBin: true
    dependencies:
      '@babel/types': 7.18.4
    dev: false

  /@babel/types/7.18.4:
    resolution: {integrity: sha512-ThN1mBcMq5pG/Vm2IcBmPPfyPXbd8S02rS+OBIDENdufvqC7Z/jHPCv9IcP01277aKtDI8g/2XysBN4hA8niiw==}
    engines: {node: '>=6.9.0'}
    dependencies:
      '@babel/helper-validator-identifier': 7.16.7
      to-fast-properties: 2.0.0
    dev: false

  /@docsearch/css/3.3.3:
    resolution: {integrity: sha512-6SCwI7P8ao+se1TUsdZ7B4XzL+gqeQZnBc+2EONZlcVa0dVrk0NjETxozFKgMv0eEGH8QzP1fkN+A1rH61l4eg==}
    dev: false

  /@docsearch/js/3.3.3:
    resolution: {integrity: sha512-2xAv2GFuHzzmG0SSZgf8wHX0qZX8n9Y1ZirKUk5Wrdc+vH9CL837x2hZIUdwcPZI9caBA+/CzxsS68O4waYjUQ==}
    dependencies:
      '@docsearch/react': 3.3.3
      preact: 10.5.14
    transitivePeerDependencies:
      - '@algolia/client-search'
      - '@types/react'
      - react
      - react-dom
    dev: false

  /@docsearch/react/3.3.3:
    resolution: {integrity: sha512-pLa0cxnl+G0FuIDuYlW+EBK6Rw2jwLw9B1RHIeS4N4s2VhsfJ/wzeCi3CWcs5yVfxLd5ZK50t//TMA5e79YT7Q==}
    peerDependencies:
      '@types/react': '>= 16.8.0 < 19.0.0'
      react: '>= 16.8.0 < 19.0.0'
      react-dom: '>= 16.8.0 < 19.0.0'
    peerDependenciesMeta:
      '@types/react':
        optional: true
      react:
        optional: true
      react-dom:
        optional: true
    dependencies:
      '@algolia/autocomplete-core': 1.7.4
      '@algolia/autocomplete-preset-algolia': 1.7.4_algoliasearch@4.10.5
      '@docsearch/css': 3.3.3
      algoliasearch: 4.10.5
    transitivePeerDependencies:
      - '@algolia/client-search'
    dev: false

  /@esbuild/android-arm/0.16.17:
    resolution: {integrity: sha512-N9x1CMXVhtWEAMS7pNNONyA14f71VPQN9Cnavj1XQh6T7bskqiLLrSca4O0Vr8Wdcga943eThxnVp3JLnBMYtw==}
    engines: {node: '>=12'}
    cpu: [arm]
    os: [android]
    requiresBuild: true
    dev: false
    optional: true

  /@esbuild/android-arm64/0.16.17:
    resolution: {integrity: sha512-MIGl6p5sc3RDTLLkYL1MyL8BMRN4tLMRCn+yRJJmEDvYZ2M7tmAf80hx1kbNEUX2KJ50RRtxZ4JHLvCfuB6kBg==}
    engines: {node: '>=12'}
    cpu: [arm64]
    os: [android]
    requiresBuild: true
    dev: false
    optional: true

  /@esbuild/android-x64/0.16.17:
    resolution: {integrity: sha512-a3kTv3m0Ghh4z1DaFEuEDfz3OLONKuFvI4Xqczqx4BqLyuFaFkuaG4j2MtA6fuWEFeC5x9IvqnX7drmRq/fyAQ==}
    engines: {node: '>=12'}
    cpu: [x64]
    os: [android]
    requiresBuild: true
    dev: false
    optional: true

  /@esbuild/darwin-arm64/0.16.17:
    resolution: {integrity: sha512-/2agbUEfmxWHi9ARTX6OQ/KgXnOWfsNlTeLcoV7HSuSTv63E4DqtAc+2XqGw1KHxKMHGZgbVCZge7HXWX9Vn+w==}
    engines: {node: '>=12'}
    cpu: [arm64]
    os: [darwin]
    requiresBuild: true
    dev: false
    optional: true

  /@esbuild/darwin-x64/0.16.17:
    resolution: {integrity: sha512-2By45OBHulkd9Svy5IOCZt376Aa2oOkiE9QWUK9fe6Tb+WDr8hXL3dpqi+DeLiMed8tVXspzsTAvd0jUl96wmg==}
    engines: {node: '>=12'}
    cpu: [x64]
    os: [darwin]
    requiresBuild: true
    dev: false
    optional: true

  /@esbuild/freebsd-arm64/0.16.17:
    resolution: {integrity: sha512-mt+cxZe1tVx489VTb4mBAOo2aKSnJ33L9fr25JXpqQqzbUIw/yzIzi+NHwAXK2qYV1lEFp4OoVeThGjUbmWmdw==}
    engines: {node: '>=12'}
    cpu: [arm64]
    os: [freebsd]
    requiresBuild: true
    dev: false
    optional: true

  /@esbuild/freebsd-x64/0.16.17:
    resolution: {integrity: sha512-8ScTdNJl5idAKjH8zGAsN7RuWcyHG3BAvMNpKOBaqqR7EbUhhVHOqXRdL7oZvz8WNHL2pr5+eIT5c65kA6NHug==}
    engines: {node: '>=12'}
    cpu: [x64]
    os: [freebsd]
    requiresBuild: true
    dev: false
    optional: true

  /@esbuild/linux-arm/0.16.17:
    resolution: {integrity: sha512-iihzrWbD4gIT7j3caMzKb/RsFFHCwqqbrbH9SqUSRrdXkXaygSZCZg1FybsZz57Ju7N/SHEgPyaR0LZ8Zbe9gQ==}
    engines: {node: '>=12'}
    cpu: [arm]
    os: [linux]
    requiresBuild: true
    dev: false
    optional: true

  /@esbuild/linux-arm64/0.16.17:
    resolution: {integrity: sha512-7S8gJnSlqKGVJunnMCrXHU9Q8Q/tQIxk/xL8BqAP64wchPCTzuM6W3Ra8cIa1HIflAvDnNOt2jaL17vaW+1V0g==}
    engines: {node: '>=12'}
    cpu: [arm64]
    os: [linux]
    requiresBuild: true
    dev: false
    optional: true

  /@esbuild/linux-ia32/0.16.17:
    resolution: {integrity: sha512-kiX69+wcPAdgl3Lonh1VI7MBr16nktEvOfViszBSxygRQqSpzv7BffMKRPMFwzeJGPxcio0pdD3kYQGpqQ2SSg==}
    engines: {node: '>=12'}
    cpu: [ia32]
    os: [linux]
    requiresBuild: true
    dev: false
    optional: true

  /@esbuild/linux-loong64/0.16.17:
    resolution: {integrity: sha512-dTzNnQwembNDhd654cA4QhbS9uDdXC3TKqMJjgOWsC0yNCbpzfWoXdZvp0mY7HU6nzk5E0zpRGGx3qoQg8T2DQ==}
    engines: {node: '>=12'}
    cpu: [loong64]
    os: [linux]
    requiresBuild: true
    dev: false
    optional: true

  /@esbuild/linux-mips64el/0.16.17:
    resolution: {integrity: sha512-ezbDkp2nDl0PfIUn0CsQ30kxfcLTlcx4Foz2kYv8qdC6ia2oX5Q3E/8m6lq84Dj/6b0FrkgD582fJMIfHhJfSw==}
    engines: {node: '>=12'}
    cpu: [mips64el]
    os: [linux]
    requiresBuild: true
    dev: false
    optional: true

  /@esbuild/linux-ppc64/0.16.17:
    resolution: {integrity: sha512-dzS678gYD1lJsW73zrFhDApLVdM3cUF2MvAa1D8K8KtcSKdLBPP4zZSLy6LFZ0jYqQdQ29bjAHJDgz0rVbLB3g==}
    engines: {node: '>=12'}
    cpu: [ppc64]
    os: [linux]
    requiresBuild: true
    dev: false
    optional: true

  /@esbuild/linux-riscv64/0.16.17:
    resolution: {integrity: sha512-ylNlVsxuFjZK8DQtNUwiMskh6nT0vI7kYl/4fZgV1llP5d6+HIeL/vmmm3jpuoo8+NuXjQVZxmKuhDApK0/cKw==}
    engines: {node: '>=12'}
    cpu: [riscv64]
    os: [linux]
    requiresBuild: true
    dev: false
    optional: true

  /@esbuild/linux-s390x/0.16.17:
    resolution: {integrity: sha512-gzy7nUTO4UA4oZ2wAMXPNBGTzZFP7mss3aKR2hH+/4UUkCOyqmjXiKpzGrY2TlEUhbbejzXVKKGazYcQTZWA/w==}
    engines: {node: '>=12'}
    cpu: [s390x]
    os: [linux]
    requiresBuild: true
    dev: false
    optional: true

  /@esbuild/linux-x64/0.16.17:
    resolution: {integrity: sha512-mdPjPxfnmoqhgpiEArqi4egmBAMYvaObgn4poorpUaqmvzzbvqbowRllQ+ZgzGVMGKaPkqUmPDOOFQRUFDmeUw==}
    engines: {node: '>=12'}
    cpu: [x64]
    os: [linux]
    requiresBuild: true
    dev: false
    optional: true

  /@esbuild/netbsd-x64/0.16.17:
    resolution: {integrity: sha512-/PzmzD/zyAeTUsduZa32bn0ORug+Jd1EGGAUJvqfeixoEISYpGnAezN6lnJoskauoai0Jrs+XSyvDhppCPoKOA==}
    engines: {node: '>=12'}
    cpu: [x64]
    os: [netbsd]
    requiresBuild: true
    dev: false
    optional: true

  /@esbuild/openbsd-x64/0.16.17:
    resolution: {integrity: sha512-2yaWJhvxGEz2RiftSk0UObqJa/b+rIAjnODJgv2GbGGpRwAfpgzyrg1WLK8rqA24mfZa9GvpjLcBBg8JHkoodg==}
    engines: {node: '>=12'}
    cpu: [x64]
    os: [openbsd]
    requiresBuild: true
    dev: false
    optional: true

  /@esbuild/sunos-x64/0.16.17:
    resolution: {integrity: sha512-xtVUiev38tN0R3g8VhRfN7Zl42YCJvyBhRKw1RJjwE1d2emWTVToPLNEQj/5Qxc6lVFATDiy6LjVHYhIPrLxzw==}
    engines: {node: '>=12'}
    cpu: [x64]
    os: [sunos]
    requiresBuild: true
    dev: false
    optional: true

  /@esbuild/win32-arm64/0.16.17:
    resolution: {integrity: sha512-ga8+JqBDHY4b6fQAmOgtJJue36scANy4l/rL97W+0wYmijhxKetzZdKOJI7olaBaMhWt8Pac2McJdZLxXWUEQw==}
    engines: {node: '>=12'}
    cpu: [arm64]
    os: [win32]
    requiresBuild: true
    dev: false
    optional: true

  /@esbuild/win32-ia32/0.16.17:
    resolution: {integrity: sha512-WnsKaf46uSSF/sZhwnqE4L/F89AYNMiD4YtEcYekBt9Q7nj0DiId2XH2Ng2PHM54qi5oPrQ8luuzGszqi/veig==}
    engines: {node: '>=12'}
    cpu: [ia32]
    os: [win32]
    requiresBuild: true
    dev: false
    optional: true

  /@esbuild/win32-x64/0.16.17:
    resolution: {integrity: sha512-y+EHuSchhL7FjHgvQL/0fnnFmO4T1bhvWANX6gcnqTjtnKWbTvUMCpGnv2+t+31d7RzyEAYAd4u2fnIhHL6N/Q==}
    engines: {node: '>=12'}
    cpu: [x64]
    os: [win32]
    requiresBuild: true
    dev: false
    optional: true

  /@jridgewell/gen-mapping/0.3.2:
    resolution: {integrity: sha512-mh65xKQAzI6iBcFzwv28KVWSmCkdRBWoOh+bYQGW3+6OZvbbN3TqMGo5hqYxQniRcH9F2VZIoJCm4pa3BPDK/A==}
    engines: {node: '>=6.0.0'}
    dependencies:
      '@jridgewell/set-array': 1.1.2
      '@jridgewell/sourcemap-codec': 1.4.14
      '@jridgewell/trace-mapping': 0.3.15

  /@jridgewell/resolve-uri/3.1.0:
    resolution: {integrity: sha512-F2msla3tad+Mfht5cJq7LSXcdudKTWCVYUgw6pLFOOHSTtZlj6SWNYAp+AhuqLmWdBO2X5hPrLcu8cVP8fy28w==}
    engines: {node: '>=6.0.0'}

  /@jridgewell/set-array/1.1.2:
    resolution: {integrity: sha512-xnkseuNADM0gt2bs+BvhO0p78Mk762YnZdsuzFV018NoG1Sj1SCQvpSqa7XUaTam5vAGasABV9qXASMKnFMwMw==}
    engines: {node: '>=6.0.0'}

  /@jridgewell/source-map/0.3.2:
    resolution: {integrity: sha512-m7O9o2uR8k2ObDysZYzdfhb08VuEml5oWGiosa1VdaPZ/A6QyPkAJuwN0Q1lhULOf6B7MtQmHENS743hWtCrgw==}
    dependencies:
      '@jridgewell/gen-mapping': 0.3.2
      '@jridgewell/trace-mapping': 0.3.15

  /@jridgewell/sourcemap-codec/1.4.14:
    resolution: {integrity: sha512-XPSJHWmi394fuUuzDnGz1wiKqWfo1yXecHQMRf2l6hztTO+nPru658AyDngaBe7isIxEkRsPR3FZh+s7iVa4Uw==}

  /@jridgewell/trace-mapping/0.3.15:
    resolution: {integrity: sha512-oWZNOULl+UbhsgB51uuZzglikfIKSUBO/M9W2OfEjn7cmqoAiCgmv9lyACTUacZwBz0ITnJ2NqjU8Tx0DHL88g==}
    dependencies:
      '@jridgewell/resolve-uri': 3.1.0
      '@jridgewell/sourcemap-codec': 1.4.14

  /@types/linkify-it/3.0.2:
    resolution: {integrity: sha512-HZQYqbiFVWufzCwexrvh694SOim8z2d+xJl5UNamcvQFejLY/2YUtzXHYi3cHdI7PMlS8ejH2slRAOJQ32aNbA==}
    dev: true

  /@types/markdown-it/12.2.3:
    resolution: {integrity: sha512-GKMHFfv3458yYy+v/N8gjufHO6MSZKCOXpZc5GXIWWy8uldwfmPn98vp81gZ5f9SVw8YYBctgfJ22a2d7AOMeQ==}
    dependencies:
      '@types/linkify-it': 3.0.2
      '@types/mdurl': 1.0.2
    dev: true

  /@types/mdurl/1.0.2:
    resolution: {integrity: sha512-eC4U9MlIcu2q0KQmXszyn5Akca/0jrQmwDRgpAMJai7qBWq4amIQhZyNau4VYGtCeALvW1/NtjzJJ567aZxfKA==}
    dev: true

  /@types/node/16.10.3:
    resolution: {integrity: sha512-ho3Ruq+fFnBrZhUYI46n/bV2GjwzSkwuT4dTf0GkuNFmnb8nq4ny2z9JEVemFi6bdEJanHLlYfy9c6FN9B9McQ==}

  /@types/web-bluetooth/0.0.16:
    resolution: {integrity: sha512-oh8q2Zc32S6gd/j50GowEjKLoOVOwHP/bWVjKJInBwQqdOYMdPrf1oVlelTlyfFK3CKxL1uahMDAr+vy8T7yMQ==}
    dev: false

  /@vitejs/plugin-vue/4.0.0_vite@4.1.4+vue@3.2.47:
    resolution: {integrity: sha512-e0X4jErIxAB5oLtDqbHvHpJe/uWNkdpYV83AOG2xo2tEVSzCzewgJMtREZM30wXnM5ls90hxiOtAuVU6H5JgbA==}
    engines: {node: ^14.18.0 || >=16.0.0}
    peerDependencies:
      vite: ^4.0.0
      vue: ^3.2.25
    dependencies:
      vite: 4.1.4_svno5mexjalzzlm4w6lhjlrqwe
      vue: 3.2.47
    dev: false

  /@vue/compiler-core/3.2.47:
    resolution: {integrity: sha512-p4D7FDnQb7+YJmO2iPEv0SQNeNzcbHdGByJDsT4lynf63AFkOTFN07HsiRSvjGo0QrxR/o3d0hUyNCUnBU2Tig==}
    dependencies:
      '@babel/parser': 7.16.4
      '@vue/shared': 3.2.47
      estree-walker: 2.0.2
      source-map: 0.6.1
    dev: false

  /@vue/compiler-dom/3.2.47:
    resolution: {integrity: sha512-dBBnEHEPoftUiS03a4ggEig74J2YBZ2UIeyfpcRM2tavgMWo4bsEfgCGsu+uJIL/vax9S+JztH8NmQerUo7shQ==}
    dependencies:
      '@vue/compiler-core': 3.2.47
      '@vue/shared': 3.2.47
    dev: false

  /@vue/compiler-sfc/3.2.47:
    resolution: {integrity: sha512-rog05W+2IFfxjMcFw10tM9+f7i/+FFpZJJ5XHX72NP9eC2uRD+42M3pYcQqDXVYoj74kHMSEdQ/WmCjt8JFksQ==}
    dependencies:
      '@babel/parser': 7.16.4
      '@vue/compiler-core': 3.2.47
      '@vue/compiler-dom': 3.2.47
      '@vue/compiler-ssr': 3.2.47
      '@vue/reactivity-transform': 3.2.47
      '@vue/shared': 3.2.47
      estree-walker: 2.0.2
      magic-string: 0.25.7
      postcss: 8.4.19
      source-map: 0.6.1
    dev: false

  /@vue/compiler-ssr/3.2.47:
    resolution: {integrity: sha512-wVXC+gszhulcMD8wpxMsqSOpvDZ6xKXSVWkf50Guf/S+28hTAXPDYRTbLQ3EDkOP5Xz/+SY37YiwDquKbJOgZw==}
    dependencies:
      '@vue/compiler-dom': 3.2.47
      '@vue/shared': 3.2.47
    dev: false

  /@vue/devtools-api/6.5.0:
    resolution: {integrity: sha512-o9KfBeaBmCKl10usN4crU53fYtC1r7jJwdGKjPT24t348rHxgfpZ0xL3Xm/gLUYnc0oTp8LAmrxOeLyu6tbk2Q==}
    dev: false

  /@vue/reactivity-transform/3.2.47:
    resolution: {integrity: sha512-m8lGXw8rdnPVVIdIFhf0LeQ/ixyHkH5plYuS83yop5n7ggVJU+z5v0zecwEnX7fa7HNLBhh2qngJJkxpwEEmYA==}
    dependencies:
      '@babel/parser': 7.16.4
      '@vue/compiler-core': 3.2.47
      '@vue/shared': 3.2.47
      estree-walker: 2.0.2
      magic-string: 0.25.7
    dev: false

  /@vue/reactivity/3.2.47:
    resolution: {integrity: sha512-7khqQ/75oyyg+N/e+iwV6lpy1f5wq759NdlS1fpAhFXa8VeAIKGgk2E/C4VF59lx5b+Ezs5fpp/5WsRYXQiKxQ==}
    dependencies:
      '@vue/shared': 3.2.47
    dev: false

  /@vue/repl/1.3.3_vue@3.2.47:
    resolution: {integrity: sha512-mrN3Gd4CIaiIiRdi7/pAOH9rPud8q8I5svLurSoyxLhxFXs9WdfaKZlirExSJIuecHYFiAAozTBtb8XQPNhCHw==}
    peerDependencies:
      vue: ^3.2.13
    dependencies:
      vue: 3.2.47
    dev: false

  /@vue/runtime-core/3.2.47:
    resolution: {integrity: sha512-RZxbLQIRB/K0ev0K9FXhNbBzT32H9iRtYbaXb0ZIz2usLms/D55dJR2t6cIEUn6vyhS3ALNvNthI+Q95C+NOpA==}
    dependencies:
      '@vue/reactivity': 3.2.47
      '@vue/shared': 3.2.47
    dev: false

  /@vue/runtime-dom/3.2.47:
    resolution: {integrity: sha512-ArXrFTjS6TsDei4qwNvgrdmHtD930KgSKGhS5M+j8QxXrDJYLqYw4RRcDy1bz1m1wMmb6j+zGLifdVHtkXA7gA==}
    dependencies:
      '@vue/runtime-core': 3.2.47
      '@vue/shared': 3.2.47
      csstype: 2.6.18
    dev: false

  /@vue/server-renderer/3.2.47_vue@3.2.47:
    resolution: {integrity: sha512-dN9gc1i8EvmP9RCzvneONXsKfBRgqFeFZLurmHOveL7oH6HiFXJw5OGu294n1nHc/HMgTy6LulU/tv5/A7f/LA==}
    peerDependencies:
      vue: 3.2.47
    dependencies:
      '@vue/compiler-ssr': 3.2.47
      '@vue/shared': 3.2.47
      vue: 3.2.47
    dev: false

  /@vue/shared/3.2.47:
    resolution: {integrity: sha512-BHGyyGN3Q97EZx0taMQ+OLNuZcW3d37ZEVmEAyeoA9ERdGvm9Irc/0Fua8SNyOtV1w6BS4q25wbMzJujO9HIfQ==}
    dev: false

  /@vue/theme/2.2.0_ahv4xal3d4so6da4w2jgiudfwy:
    resolution: {integrity: sha512-eIJFxIiVgL6TR/WItUWa3dE0Mgme0UwhPEvhv8EXfnirxbwSlmXGvA+tzE/qAkdCfWQeD84xIeKNg98NbjjVdw==}
    peerDependencies:
      vitepress: ^1.0.0-alpha.60
    dependencies:
      '@docsearch/css': 3.3.3
      '@docsearch/js': 3.3.3
      '@vueuse/core': 9.13.0_vue@3.2.47
      body-scroll-lock: 3.1.5
      normalize.css: 8.0.1
      vitepress: 1.0.0-alpha.60_svno5mexjalzzlm4w6lhjlrqwe
    transitivePeerDependencies:
      - '@algolia/client-search'
      - '@types/react'
      - '@vue/composition-api'
      - react
      - react-dom
      - vue
    dev: false

  /@vueuse/core/9.13.0_vue@3.2.47:
    resolution: {integrity: sha512-pujnclbeHWxxPRqXWmdkKV5OX4Wk4YeK7wusHqRwU0Q7EFusHoqNA/aPhB6KCh9hEqJkLAJo7bb0Lh9b+OIVzw==}
    dependencies:
      '@types/web-bluetooth': 0.0.16
      '@vueuse/metadata': 9.13.0
      '@vueuse/shared': 9.13.0_vue@3.2.47
      vue-demi: 0.12.1_vue@3.2.47
    transitivePeerDependencies:
      - '@vue/composition-api'
      - vue
    dev: false

  /@vueuse/metadata/9.13.0:
    resolution: {integrity: sha512-gdU7TKNAUVlXXLbaF+ZCfte8BjRJQWPCa2J55+7/h+yDtzw3vOoGQDRXzI6pyKyo6bXFT5/QoPE4hAknExjRLQ==}
    dev: false

  /@vueuse/shared/9.13.0_vue@3.2.47:
    resolution: {integrity: sha512-UrnhU+Cnufu4S6JLCPZnkWh0WwZGUp72ktOF2DFptMlOs3TOdVv8xJN53zhHGARmVOsz5KqOls09+J1NR6sBKw==}
    dependencies:
      vue-demi: 0.12.1_vue@3.2.47
    transitivePeerDependencies:
      - '@vue/composition-api'
      - vue
    dev: false

  /acorn/8.8.0:
    resolution: {integrity: sha512-QOxyigPVrpZ2GXT+PFyZTl6TtOFc5egxHIP9IlQ+RbupQuX4RkT/Bee4/kQuC02Xkzg84JcT7oLYtDIQxp+v7w==}
    engines: {node: '>=0.4.0'}
    hasBin: true

  /algoliasearch/4.10.5:
    resolution: {integrity: sha512-KmH2XkiN+8FxhND4nWFbQDkIoU6g2OjfeU9kIv4Lb+EiOOs3Gpp7jvd+JnatsCisAZsnWQdjd7zVlW7I/85QvQ==}
    dependencies:
      '@algolia/cache-browser-local-storage': 4.10.5
      '@algolia/cache-common': 4.10.5
      '@algolia/cache-in-memory': 4.10.5
      '@algolia/client-account': 4.10.5
      '@algolia/client-analytics': 4.10.5
      '@algolia/client-common': 4.10.5
      '@algolia/client-personalization': 4.10.5
      '@algolia/client-search': 4.10.5
      '@algolia/logger-common': 4.10.5
      '@algolia/logger-console': 4.10.5
      '@algolia/requester-browser-xhr': 4.10.5
      '@algolia/requester-common': 4.10.5
      '@algolia/requester-node-http': 4.10.5
      '@algolia/transporter': 4.10.5
    dev: false

  /ansi-sequence-parser/1.1.0:
    resolution: {integrity: sha512-lEm8mt52to2fT8GhciPCGeCXACSz2UwIN4X2e2LJSnZ5uAbn2/dsYdOmUXq0AtWS5cpAupysIneExOgH0Vd2TQ==}
    dev: false

  /body-scroll-lock/3.1.5:
    resolution: {integrity: sha512-Yi1Xaml0EvNA0OYWxXiYNqY24AfWkbA6w5vxE7GWxtKfzIbZM+Qw+aSmkgsbWzbHiy/RCSkUZBplVxTA+E4jJg==}
    dev: false

  /body-scroll-lock/4.0.0-beta.0:
    resolution: {integrity: sha512-a7tP5+0Mw3YlUJcGAKUqIBkYYGlYxk2fnCasq/FUph1hadxlTRjF+gAcZksxANnaMnALjxEddmSi/H3OR8ugcQ==}
    dev: false

  /buffer-from/1.1.2:
    resolution: {integrity: sha512-E+XQCRwSbaaiChtv6k6Dwgc+bx+Bs6vuKJHHl5kox/BaKbhiXzqQOwK4cO22yElGp2OCmjwVhT3HmxgyPGnJfQ==}

  /commander/2.20.3:
    resolution: {integrity: sha512-GpVkmM8vF2vQUkj2LvZmD35JxeJOLCwJ9cUkugyk2nuhbv3+mJvpLYYt+0+USMxE+oj+ey/lJEnhZw75x/OMcQ==}

  /csstype/2.6.18:
    resolution: {integrity: sha512-RSU6Hyeg14am3Ah4VZEmeX8H7kLwEEirXe6aU2IPfKNvhXwTflK5HQRDNI0ypQXoqmm+QPyG2IaPuQE5zMwSIQ==}
    dev: false

  /dynamics.js/1.1.5:
    resolution: {integrity: sha1-uQvcM2Bc7+ZSuEFucB95v27vzjI=}
    dev: false

  /esbuild/0.16.17:
    resolution: {integrity: sha512-G8LEkV0XzDMNwXKgM0Jwu3nY3lSTwSGY6XbxM9cr9+s0T/qSV1q1JVPBGzm3dcjhCic9+emZDmMffkwgPeOeLg==}
    engines: {node: '>=12'}
    hasBin: true
    requiresBuild: true
    optionalDependencies:
      '@esbuild/android-arm': 0.16.17
      '@esbuild/android-arm64': 0.16.17
      '@esbuild/android-x64': 0.16.17
      '@esbuild/darwin-arm64': 0.16.17
      '@esbuild/darwin-x64': 0.16.17
      '@esbuild/freebsd-arm64': 0.16.17
      '@esbuild/freebsd-x64': 0.16.17
      '@esbuild/linux-arm': 0.16.17
      '@esbuild/linux-arm64': 0.16.17
      '@esbuild/linux-ia32': 0.16.17
      '@esbuild/linux-loong64': 0.16.17
      '@esbuild/linux-mips64el': 0.16.17
      '@esbuild/linux-ppc64': 0.16.17
      '@esbuild/linux-riscv64': 0.16.17
      '@esbuild/linux-s390x': 0.16.17
      '@esbuild/linux-x64': 0.16.17
      '@esbuild/netbsd-x64': 0.16.17
      '@esbuild/openbsd-x64': 0.16.17
      '@esbuild/sunos-x64': 0.16.17
      '@esbuild/win32-arm64': 0.16.17
      '@esbuild/win32-ia32': 0.16.17
      '@esbuild/win32-x64': 0.16.17
    dev: false

  /estree-walker/2.0.2:
    resolution: {integrity: sha512-Rfkk/Mp/DL7JVje3u18FxFujQlTNR2q6QfMSMB7AvCBx91NGj/ba3kCfza0f6dVDbw7YlRf/nDrn7pQrCCyQ/w==}
    dev: false

  /fsevents/2.3.2:
    resolution: {integrity: sha512-xiqMQR4xAeHTuB9uWm+fFRcIOgKBMiOBP+eXiyT7jsgVCq1bkVygt00oASowB7EdtpOHaaPgKt812P9ab+DDKA==}
    engines: {node: ^8.16.0 || ^10.6.0 || >=11.0.0}
    os: [darwin]
    requiresBuild: true
    dev: false
    optional: true

  /function-bind/1.1.1:
    resolution: {integrity: sha512-yIovAzMX49sF8Yl58fSCWJ5svSLuaibPxXQJFLmBObTuCr0Mf1KiPopGM9NiFjiYBCbfaa2Fh6breQ6ANVTI0A==}
    dev: false

  /gsap/3.9.0:
    resolution: {integrity: sha512-YfIBNHJu4UHES1Vj780+sXtQuiD78QQwgJqktaXE9PO9OuXz5l4ETz05pnhxUfJcxJy4SUINXJxT9ZZhuYwU2g==}
    dev: false

  /has/1.0.3:
    resolution: {integrity: sha512-f2dvO0VU6Oej7RkWJGrehjbzMAjFp5/VKPp5tTpWIV4JHHZK1/BxbFRtf/siA2SWTe09caDmVtYYzWEIbBS4zw==}
    engines: {node: '>= 0.4.0'}
    dependencies:
      function-bind: 1.1.1
    dev: false

  /is-core-module/2.10.0:
    resolution: {integrity: sha512-Erxj2n/LDAZ7H8WNJXd9tw38GYM3dv8rk8Zcs+jJuxYTW7sozH+SS8NtrSjVL1/vpLvWi1hxy96IzjJ3EHTJJg==}
    dependencies:
      has: 1.0.3
    dev: false

  /jsonc-parser/3.2.0:
    resolution: {integrity: sha512-gfFQZrcTc8CnKXp6Y4/CBT3fTc0OVuDofpre4aEeEpSBPV5X5v4+Vmx+8snU7RLPrNHPKSgLxGo9YuQzz20o+w==}
    dev: false

  /magic-string/0.25.7:
    resolution: {integrity: sha512-4CrMT5DOHTDk4HYDlzmwu4FVCcIYI8gauveasrdCu2IKIFOJ3f0v/8MDGJCDL9oD2ppz/Av1b0Nj345H9M+XIA==}
    dependencies:
      sourcemap-codec: 1.4.8
    dev: false

  /nanoid/3.3.4:
    resolution: {integrity: sha512-MqBkQh/OHTS2egovRtLk45wEyNXwF+cokD+1YPf9u5VfJiRdAiRwB2froX5Co9Rh20xs4siNPm8naNotSD6RBw==}
    engines: {node: ^10 || ^12 || ^13.7 || ^14 || >=15.0.1}
    hasBin: true
    dev: false

  /normalize.css/8.0.1:
    resolution: {integrity: sha512-qizSNPO93t1YUuUhP22btGOo3chcvDFqFaj2TRybP0DMxkHOCTYwp3n34fel4a31ORXy4m1Xq0Gyqpb5m33qIg==}
    dev: false

  /path-parse/1.0.7:
    resolution: {integrity: sha512-LDJzPVEEEPR+y48z93A0Ed0yXb8pAByGWo/k5YYdYgpY2/2EsOsksJrq7lOHxryrVOn1ejG6oAp8ahvOIQD8sw==}
    dev: false

  /picocolors/1.0.0:
    resolution: {integrity: sha512-1fygroTLlHu66zi26VoTDv8yRgm0Fccecssto+MhsZ0D/DGW2sm8E8AjW7NU5VVTRt5GxbeZ5qBuJr+HyLYkjQ==}
    dev: false

  /postcss/8.4.19:
    resolution: {integrity: sha512-h+pbPsyhlYj6N2ozBmHhHrs9DzGmbaarbLvWipMRO7RLS+v4onj26MPFXA5OBYFxyqYhUJK456SwDcY9H2/zsA==}
    engines: {node: ^10 || ^12 || >=14}
    dependencies:
      nanoid: 3.3.4
      picocolors: 1.0.0
      source-map-js: 1.0.2
    dev: false

  /postcss/8.4.21:
    resolution: {integrity: sha512-tP7u/Sn/dVxK2NnruI4H9BG+x+Wxz6oeZ1cJ8P6G/PZY0IKk4k/63TDsQf2kQq3+qoJeLm2kIBUNlZe3zgb4Zg==}
    engines: {node: ^10 || ^12 || >=14}
    dependencies:
      nanoid: 3.3.4
      picocolors: 1.0.0
      source-map-js: 1.0.2
    dev: false

  /preact/10.5.14:
    resolution: {integrity: sha512-KojoltCrshZ099ksUZ2OQKfbH66uquFoxHSbnwKbTJHeQNvx42EmC7wQVWNuDt6vC5s3nudRHFtKbpY4ijKlaQ==}
    dev: false

  /resolve/1.22.1:
    resolution: {integrity: sha512-nBpuuYuY5jFsli/JIs1oldw6fOQCBioohqWZg/2hiaOybXOft4lonv85uDOKXdf8rhyK159cxU5cDcK/NKk8zw==}
    hasBin: true
    dependencies:
      is-core-module: 2.10.0
      path-parse: 1.0.7
      supports-preserve-symlinks-flag: 1.0.0
    dev: false

  /rollup/3.17.3:
    resolution: {integrity: sha512-p5LaCXiiOL/wrOkj8djsIDFmyU9ysUxcyW+EKRLHb6TKldJzXpImjcRSR+vgo09DBdofGcOoLOsRyxxG2n5/qQ==}
    engines: {node: '>=14.18.0', npm: '>=8.0.0'}
    hasBin: true
    optionalDependencies:
      fsevents: 2.3.2
    dev: false

  /shiki/0.14.1:
    resolution: {integrity: sha512-+Jz4nBkCBe0mEDqo1eKRcCdjRtrCjozmcbTUjbPTX7OOJfEbTZzlUWlZtGe3Gb5oV1/jnojhG//YZc3rs9zSEw==}
    dependencies:
      ansi-sequence-parser: 1.1.0
      jsonc-parser: 3.2.0
      vscode-oniguruma: 1.7.0
      vscode-textmate: 8.0.0
    dev: false

  /source-map-js/1.0.2:
    resolution: {integrity: sha512-R0XvVJ9WusLiqTCEiGCmICCMplcCkIwwR11mOSD9CR5u+IXYdiseeEuXCVAjS54zqwkLcPNnmU4OeJ6tUrWhDw==}
    engines: {node: '>=0.10.0'}
    dev: false

  /source-map-support/0.5.21:
    resolution: {integrity: sha512-uBHU3L3czsIyYXKX88fdrGovxdSCoTGDRZ6SYXtSRxLZUzHg5P/66Ht6uoUlHu9EZod+inXhKo3qQgwXUT/y1w==}
    dependencies:
      buffer-from: 1.1.2
      source-map: 0.6.1

  /source-map/0.6.1:
    resolution: {integrity: sha512-UjgapumWlbMhkBgzT7Ykc5YXUT46F0iKu8SGXq0bcwP5dz/h0Plj6enJqjz1Zbq2l5WaqYnrVbwWOWMyF3F47g==}
    engines: {node: '>=0.10.0'}

  /sourcemap-codec/1.4.8:
    resolution: {integrity: sha512-9NykojV5Uih4lgo5So5dtw+f0JgJX30KCNI8gwhz2J9A15wD0Ml6tjHKwf6fTSa6fAdVBdZeNOs9eJ71qCk8vA==}
    deprecated: Please use @jridgewell/sourcemap-codec instead
    dev: false

  /supports-preserve-symlinks-flag/1.0.0:
    resolution: {integrity: sha512-ot0WnXS9fgdkgIcePe6RHNk1WA8+muPa6cSjeR3V8K27q9BB1rTE3R1p7Hv0z1ZyAc8s6Vvv8DIyWf681MAt0w==}
    engines: {node: '>= 0.4'}
    dev: false

  /terser/5.14.2:
    resolution: {integrity: sha512-oL0rGeM/WFQCUd0y2QrWxYnq7tfSuKBiqTjRPWrRgB46WD/kiwHwF8T23z78H6Q6kGCuuHcPB+KULHRdxvVGQA==}
    engines: {node: '>=10'}
    hasBin: true
    dependencies:
      '@jridgewell/source-map': 0.3.2
      acorn: 8.8.0
      commander: 2.20.3
      source-map-support: 0.5.21

  /to-fast-properties/2.0.0:
    resolution: {integrity: sha512-/OaKK0xYrs3DmxRYqL/yDc+FxFUVYhDlXMhRmv3z915w2HF1tnN1omB354j8VUGO/hbRzyD6Y3sA7v7GS/ceog==}
    engines: {node: '>=4'}
    dev: false

  /vite/4.1.4_svno5mexjalzzlm4w6lhjlrqwe:
    resolution: {integrity: sha512-3knk/HsbSTKEin43zHu7jTwYWv81f8kgAL99G5NWBcA1LKvtvcVAC4JjBH1arBunO9kQka+1oGbrMKOjk4ZrBg==}
    engines: {node: ^14.18.0 || >=16.0.0}
    hasBin: true
    peerDependencies:
      '@types/node': '>= 14'
      less: '*'
      sass: '*'
      stylus: '*'
      sugarss: '*'
      terser: ^5.4.0
    peerDependenciesMeta:
      '@types/node':
        optional: true
      less:
        optional: true
      sass:
        optional: true
      stylus:
        optional: true
      sugarss:
        optional: true
      terser:
        optional: true
    dependencies:
      '@types/node': 16.10.3
      esbuild: 0.16.17
      postcss: 8.4.21
      resolve: 1.22.1
      rollup: 3.17.3
      terser: 5.14.2
    optionalDependencies:
      fsevents: 2.3.2
    dev: false

  /vitepress/1.0.0-alpha.60_svno5mexjalzzlm4w6lhjlrqwe:
    resolution: {integrity: sha512-GI5iLDkZRqGEPixbSloT+p6pbKcMh9ykRRxt8vf9AjV1gaPit6Stg/t9WNxTdIhKVCuQMexGs1605DNApSRK2A==}
    hasBin: true
    dependencies:
      '@docsearch/css': 3.3.3
      '@docsearch/js': 3.3.3
      '@vitejs/plugin-vue': 4.0.0_vite@4.1.4+vue@3.2.47
      '@vue/devtools-api': 6.5.0
      '@vueuse/core': 9.13.0_vue@3.2.47
      body-scroll-lock: 4.0.0-beta.0
      shiki: 0.14.1
      vite: 4.1.4_svno5mexjalzzlm4w6lhjlrqwe
      vue: 3.2.47
    transitivePeerDependencies:
      - '@algolia/client-search'
      - '@types/node'
      - '@types/react'
      - '@vue/composition-api'
      - less
      - react
      - react-dom
      - sass
      - stylus
      - sugarss
      - terser
    dev: false

  /vscode-oniguruma/1.7.0:
    resolution: {integrity: sha512-L9WMGRfrjOhgHSdOYgCt/yRMsXzLDJSL7BPrOZt73gU0iWO4mpqzqQzOz5srxqTvMBaR0XZTSrVWo4j55Rc6cA==}
    dev: false

  /vscode-textmate/8.0.0:
    resolution: {integrity: sha512-AFbieoL7a5LMqcnOF04ji+rpXadgOXnZsxQr//r83kLPr7biP7am3g9zbaZIaBGwBRWeSvoMD4mgPdX3e4NWBg==}
    dev: false

  /vue-demi/0.12.1_vue@3.2.47:
    resolution: {integrity: sha512-QL3ny+wX8c6Xm1/EZylbgzdoDolye+VpCXRhI2hug9dJTP3OUJ3lmiKN3CsVV3mOJKwFi0nsstbgob0vG7aoIw==}
    engines: {node: '>=12'}
    hasBin: true
    requiresBuild: true
    peerDependencies:
      '@vue/composition-api': ^1.0.0-rc.1
      vue: ^3.0.0-0 || ^2.6.0
    peerDependenciesMeta:
      '@vue/composition-api':
        optional: true
    dependencies:
      vue: 3.2.47
    dev: false

  /vue/3.2.47:
    resolution: {integrity: sha512-60188y/9Dc9WVrAZeUVSDxRQOZ+z+y5nO2ts9jWXSTkMvayiWxCWOWtBQoYjLeccfXkiiPZWAHcV+WTPhkqJHQ==}
    dependencies:
      '@vue/compiler-dom': 3.2.47
      '@vue/compiler-sfc': 3.2.47
      '@vue/runtime-dom': 3.2.47
      '@vue/server-renderer': 3.2.47_vue@3.2.47
      '@vue/shared': 3.2.47
    dev: false
