# THIS IS AN AUTOGENERATED FILE. DO NOT EDIT THIS FILE DIRECTLY.
# yarn lockfile v1


"@algolia/cache-browser-local-storage@4.10.5":
  version "4.10.5"
  resolved "https://registry.yarnpkg.com/@algolia/cache-browser-local-storage/-/cache-browser-local-storage-4.10.5.tgz#961cf07cf59955de17af13bd74f7806bd2119553"
  integrity sha512-cfX2rEKOtuuljcGI5DMDHClwZHdDqd2nT2Ohsc8aHtBiz6bUxKVyIqxr2gaC6tU8AgPtrTVBzcxCA+UavXpKww==
  dependencies:
    "@algolia/cache-common" "4.10.5"

"@algolia/cache-common@4.10.5":
  version "4.10.5"
  resolved "https://registry.yarnpkg.com/@algolia/cache-common/-/cache-common-4.10.5.tgz#9510419e9dfb6d8814582c6b20615196f213a9d6"
  integrity sha512-1mClwdmTHll+OnHkG+yeRoFM17kSxDs4qXkjf6rNZhoZGXDvfYLy3YcZ1FX4Kyz0DJv8aroq5RYGBDsWkHj6Tw==

"@algolia/cache-in-memory@4.10.5":
  version "4.10.5"
  resolved "https://registry.yarnpkg.com/@algolia/cache-in-memory/-/cache-in-memory-4.10.5.tgz#de9331cb86734bf7f7624063cdaa639e43509be1"
  integrity sha512-+ciQnfIGi5wjMk02XhEY8fmy2pzy+oY1nIIfu8LBOglaSipCRAtjk6WhHc7/KIbXPiYzIwuDbM2K1+YOwSGjwA==
  dependencies:
    "@algolia/cache-common" "4.10.5"

"@algolia/client-account@4.10.5":
  version "4.10.5"
  resolved "https://registry.yarnpkg.com/@algolia/client-account/-/client-account-4.10.5.tgz#82f7c330fc5f0625b5b559afe9c6b1aa6722b6cf"
  integrity sha512-I9UkSS2glXm7RBZYZIALjBMmXSQbw/fI/djPcBHxiwXIheNIlqIFl2SNPkvihpPF979BSkzjqdJNRPhE1vku3Q==
  dependencies:
    "@algolia/client-common" "4.10.5"
    "@algolia/client-search" "4.10.5"
    "@algolia/transporter" "4.10.5"

"@algolia/client-analytics@4.10.5":
  version "4.10.5"
  resolved "https://registry.yarnpkg.com/@algolia/client-analytics/-/client-analytics-4.10.5.tgz#269e47c9de7e53e9e05e4a2d3c380607c3d2631f"
  integrity sha512-h2owwJSkovPxzc+xIsjY1pMl0gj+jdVwP9rcnGjlaTY2fqHbSLrR9yvGyyr6305LvTppxsQnfAbRdE/5Z3eFxw==
  dependencies:
    "@algolia/client-common" "4.10.5"
    "@algolia/client-search" "4.10.5"
    "@algolia/requester-common" "4.10.5"
    "@algolia/transporter" "4.10.5"

"@algolia/client-common@4.10.5":
  version "4.10.5"
  resolved "https://registry.yarnpkg.com/@algolia/client-common/-/client-common-4.10.5.tgz#a7d0833796a9a2da68be16be76b6dc3962bf2f18"
  integrity sha512-21FAvIai5qm8DVmZHm2Gp4LssQ/a0nWwMchAx+1hIRj1TX7OcdW6oZDPyZ8asQdvTtK7rStQrRnD8a95SCUnzA==
  dependencies:
    "@algolia/requester-common" "4.10.5"
    "@algolia/transporter" "4.10.5"

"@algolia/client-personalization@4.10.5":
  version "4.10.5"
  resolved "https://registry.yarnpkg.com/@algolia/client-personalization/-/client-personalization-4.10.5.tgz#78a8fb8161bdbeaa66b400b3283640ef689e155b"
  integrity sha512-nH+IyFKBi8tCyzGOanJTbXC5t4dspSovX3+ABfmwKWUYllYzmiQNFUadpb3qo+MLA3jFx5IwBesjneN6dD5o3w==
  dependencies:
    "@algolia/client-common" "4.10.5"
    "@algolia/requester-common" "4.10.5"
    "@algolia/transporter" "4.10.5"

"@algolia/client-search@4.10.5":
  version "4.10.5"
  resolved "https://registry.yarnpkg.com/@algolia/client-search/-/client-search-4.10.5.tgz#47907232a3e4ecf2aa4459b8de17242afd88147c"
  integrity sha512-1eQFMz9uodrc5OM+9HeT+hHcfR1E1AsgFWXwyJ9Q3xejA2c1c4eObGgOgC9ZoshuHHdptaTN1m3rexqAxXRDBg==
  dependencies:
    "@algolia/client-common" "4.10.5"
    "@algolia/requester-common" "4.10.5"
    "@algolia/transporter" "4.10.5"

"@algolia/logger-common@4.10.5":
  version "4.10.5"
  resolved "https://registry.yarnpkg.com/@algolia/logger-common/-/logger-common-4.10.5.tgz#cf807107e755ad4a72c5afc787e968ff1196f1cc"
  integrity sha512-gRJo9zt1UYP4k3woEmZm4iuEBIQd/FrArIsjzsL/b+ihNoOqIxZKTSuGFU4UUZOEhvmxDReiA4gzvQXG+TMTmA==

"@algolia/logger-console@4.10.5":
  version "4.10.5"
  resolved "https://registry.yarnpkg.com/@algolia/logger-console/-/logger-console-4.10.5.tgz#f961a7a7c6718c3f3842fb9b522d47b03b9df8ad"
  integrity sha512-4WfIbn4253EDU12u9UiYvz+QTvAXDv39mKNg9xSoMCjKE5szcQxfcSczw2byc6pYhahOJ9PmxPBfs1doqsdTKQ==
  dependencies:
    "@algolia/logger-common" "4.10.5"

"@algolia/requester-browser-xhr@4.10.5":
  version "4.10.5"
  resolved "https://registry.yarnpkg.com/@algolia/requester-browser-xhr/-/requester-browser-xhr-4.10.5.tgz#7063e3bc6d9c72bc535e1794352eddf47459dfe6"
  integrity sha512-53/MURQEqtK+bGdfq4ITSPwTh5hnADU99qzvpAINGQveUFNSFGERipJxHjTJjIrjFz3vxj5kKwjtxDnU6ygO9g==
  dependencies:
    "@algolia/requester-common" "4.10.5"

"@algolia/requester-common@4.10.5":
  version "4.10.5"
  resolved "https://registry.yarnpkg.com/@algolia/requester-common/-/requester-common-4.10.5.tgz#52abfbf10b743d26afd3ce20f62771bc393ff4f0"
  integrity sha512-UkVa1Oyuj6NPiAEt5ZvrbVopEv1m/mKqjs40KLB+dvfZnNcj+9Fry4Oxnt15HMy/HLORXsx4UwcthAvBuOXE9Q==

"@algolia/requester-node-http@4.10.5":
  version "4.10.5"
  resolved "https://registry.yarnpkg.com/@algolia/requester-node-http/-/requester-node-http-4.10.5.tgz#db7e9ece1fda1b71a28c8e623666aaa096320b5c"
  integrity sha512-aNEKVKXL4fiiC+bS7yJwAHdxln81ieBwY3tsMCtM4zF9f5KwCzY2OtN4WKEZa5AAADVcghSAUdyjs4AcGUlO5w==
  dependencies:
    "@algolia/requester-common" "4.10.5"

"@algolia/transporter@4.10.5":
  version "4.10.5"
  resolved "https://registry.yarnpkg.com/@algolia/transporter/-/transporter-4.10.5.tgz#9354989f12af3e2ce7d3109a94f519d467a960e0"
  integrity sha512-F8DLkmIlvCoMwSCZA3FKHtmdjH3o5clbt0pi2ktFStVNpC6ZDmY307HcK619bKP5xW6h8sVJhcvrLB775D2cyA==
  dependencies:
    "@algolia/cache-common" "4.10.5"
    "@algolia/logger-common" "4.10.5"
    "@algolia/requester-common" "4.10.5"

"@babel/parser@^7.15.0":
  version "7.15.7"
  resolved "https://registry.yarnpkg.com/@babel/parser/-/parser-7.15.7.tgz#0c3ed4a2eb07b165dfa85b3cc45c727334c4edae"
  integrity sha512-rycZXvQ+xS9QyIcJ9HXeDWf1uxqlbVFAUq0Rq0dbc50Zb/+wUe/ehyfzGfm9KZZF0kBejYgxltBXocP+gKdL2g==

"@docsearch/css@^1.0.0-alpha.28":
  version "1.0.0-alpha.28"
  resolved "https://registry.yarnpkg.com/@docsearch/css/-/css-1.0.0-alpha.28.tgz#c8a2cd8c1bb3a6855c51892e9dbdab5d42fe6e23"
  integrity sha512-1AhRzVdAkrWwhaxTX6/R7SnFHz8yLz1W8I/AldlTrfbNvZs9INk1FZiEFTJdgHaP68nhgQNWSGlQiDiI3y2RYg==

"@docsearch/js@^1.0.0-alpha.28":
  version "1.0.0-alpha.28"
  resolved "https://registry.yarnpkg.com/@docsearch/js/-/js-1.0.0-alpha.28.tgz#f0fde7b8a6b1e1d8a7ae1e7655c43d959b457b2b"
  integrity sha512-2g7aPhBy7FoEyeZW2G3LYHWVa8CFvqyozEz8PXt3hyywdFcmEIqmoCRwn8kboVftrOKCjtPcuLCewsaBoB3uiw==
  dependencies:
    "@docsearch/react" "^1.0.0-alpha.28"
    preact "^10.0.0"

"@docsearch/react@^1.0.0-alpha.28":
  version "1.0.0-alpha.28"
  resolved "https://registry.yarnpkg.com/@docsearch/react/-/react-1.0.0-alpha.28.tgz#4f039ed79f8b3332b19a57677b219aebc5010e9d"
  integrity sha512-XjJOnCBXn+UZmtuDmgzlVIHnnvh6yHVwG4aFq8AXN6xJEIX3f180FvGaowFWAxgdtHplJxFGux0Xx4piHqBzIw==
  dependencies:
    "@docsearch/css" "^1.0.0-alpha.28"
    "@francoischalifour/autocomplete-core" "^1.0.0-alpha.28"
    "@francoischalifour/autocomplete-preset-algolia" "^1.0.0-alpha.28"
    algoliasearch "^4.0.0"

"@francoischalifour/autocomplete-core@^1.0.0-alpha.28":
  version "1.0.0-alpha.28"
  resolved "https://registry.yarnpkg.com/@francoischalifour/autocomplete-core/-/autocomplete-core-1.0.0-alpha.28.tgz#6b9d8491288e77f831e9b345d461623b0d3f5005"
  integrity sha512-rL9x+72btViw+9icfBKUJjZj87FgjFrD2esuTUqtj4RAX3s4AuVZiN8XEsfjQBSc6qJk31cxlvqZHC/BIyYXgg==

"@francoischalifour/autocomplete-preset-algolia@^1.0.0-alpha.28":
  version "1.0.0-alpha.28"
  resolved "https://registry.yarnpkg.com/@francoischalifour/autocomplete-preset-algolia/-/autocomplete-preset-algolia-1.0.0-alpha.28.tgz#a5ad7996f42e43e4acbb4e0010d663746d0e9997"
  integrity sha512-bprfNmYt1opFUFEtD2XfY/kEsm13bzHQgU80uMjhuK0DJ914IjolT1GytpkdM6tJ4MBvyiJPP+bTtWO+BZ7c7w==

"@types/node@^16.9.1":
  version "16.9.2"
  resolved "https://registry.yarnpkg.com/@types/node/-/node-16.9.2.tgz#81f5a039d6ed1941f8cc57506c74e7c2b8fc64b9"
  integrity sha512-ZHty/hKoOLZvSz6BtP1g7tc7nUeJhoCf3flLjh8ZEv1vFKBWHXcnMbJMyN/pftSljNyy0kNW/UqI3DccnBnZ8w==

"@vitejs/plugin-vue@^1.9.0":
  version "1.9.0"
  resolved "https://registry.yarnpkg.com/@vitejs/plugin-vue/-/plugin-vue-1.9.0.tgz#ae458a2eaac1d06efac8d71a4427d5d742466d72"
  integrity sha512-TQB87f8baZsTZO/g7Az/dTCwV8eDxwkrP8hMl8HpwLJz/NKvmXtBqa7bYg8GKWNwqjy+pBRLdgiML+BI3HphOw==

"@vue/compiler-core@3.2.13":
  version "3.2.13"
  resolved "https://registry.yarnpkg.com/@vue/compiler-core/-/compiler-core-3.2.13.tgz#901268088b98a53c43be0f02bfa0e3a389ad6bf4"
  integrity sha512-H8MUuKVCfAT6C0vth/+1LAriKnM+RTFo/5MoFycwRPwworTvkpWq/EuGoIXdLBblo8Y2/bNsOmIBEEoOtrb/bQ==
  dependencies:
    "@babel/parser" "^7.15.0"
    "@vue/shared" "3.2.13"
    estree-walker "^2.0.2"
    source-map "^0.6.1"

"@vue/compiler-dom@3.2.13":
  version "3.2.13"
  resolved "https://registry.yarnpkg.com/@vue/compiler-dom/-/compiler-dom-3.2.13.tgz#028982494fb9d97807d5275b42355732686f8ed7"
  integrity sha512-5+2dYgQyNzM97EEgbdAusUpLjulcKkvLM26jOGpd14+qwEcW/KCnns5DGjlZD/tsdEwToOoTDCm+mjx7cO/G1Q==
  dependencies:
    "@vue/compiler-core" "3.2.13"
    "@vue/shared" "3.2.13"

"@vue/compiler-sfc@3.2.13":
  version "3.2.13"
  resolved "https://registry.yarnpkg.com/@vue/compiler-sfc/-/compiler-sfc-3.2.13.tgz#a38475048aad9c96cf04dfe635129b417e0f9295"
  integrity sha512-3j970d969aOILykcTstdihP33xH1Onm0wsvcl+rGv9AGxivB9xicRxBw93HCIA4dAPivr42WjHEoci9q2/85uw==
  dependencies:
    "@babel/parser" "^7.15.0"
    "@vue/compiler-core" "3.2.13"
    "@vue/compiler-dom" "3.2.13"
    "@vue/compiler-ssr" "3.2.13"
    "@vue/ref-transform" "3.2.13"
    "@vue/shared" "3.2.13"
    estree-walker "^2.0.2"
    magic-string "^0.25.7"
    postcss "^8.1.10"
    source-map "^0.6.1"

"@vue/compiler-ssr@3.2.13":
  version "3.2.13"
  resolved "https://registry.yarnpkg.com/@vue/compiler-ssr/-/compiler-ssr-3.2.13.tgz#98434672e0b488c2affa4b0570731d6be5cda187"
  integrity sha512-ZbO6uDhUWTdKBRguYNEZXj2FU3nh1cudoHBiidbxj9q5J0tVT+j1PSVFAXPq6SquUBdJpa4HvGkQ5kQzv6upXg==
  dependencies:
    "@vue/compiler-dom" "3.2.13"
    "@vue/shared" "3.2.13"

"@vue/reactivity@3.2.13":
  version "3.2.13"
  resolved "https://registry.yarnpkg.com/@vue/reactivity/-/reactivity-3.2.13.tgz#d269b09aaafef06a91bf3eb98defd41a2c3daf54"
  integrity sha512-j3ByCiRgrr4uEZpXJM8XowrbYKeNHMHlbmMZE/2QpVzVPIfrQWS2fpLmbchJeMrnwIrzEl+dub3hgwkV4KRn4w==
  dependencies:
    "@vue/shared" "3.2.13"

"@vue/ref-transform@3.2.13":
  version "3.2.13"
  resolved "https://registry.yarnpkg.com/@vue/ref-transform/-/ref-transform-3.2.13.tgz#6adfce50d388cc03683d9d2ba58f3a3bde5166f4"
  integrity sha512-q6GXHZFzXjpx1K3UFRF8fa+xSmD9xV/FjhGzTNnfrryBr8tBUNYgP2f0s5K5N+21Ay7+MlQ1XXMUp8McGvsryQ==
  dependencies:
    "@babel/parser" "^7.15.0"
    "@vue/compiler-core" "3.2.13"
    "@vue/shared" "3.2.13"
    estree-walker "^2.0.2"
    magic-string "^0.25.7"

"@vue/repl@^0.4.0":
  version "0.4.0"
  resolved "https://registry.yarnpkg.com/@vue/repl/-/repl-0.4.0.tgz#c9f8c32dd000e569ba7e6c3427ab14b5a8e3633e"
  integrity sha512-iHP8TSDvX8LxcOc9R0WVJG/OH6x2UYJOvBqilRe2mp/OuWbwymIPI3kIH/icSO7uTwVFrTAkb1x8DOlrkRi4MA==

"@vue/runtime-core@3.2.13":
  version "3.2.13"
  resolved "https://registry.yarnpkg.com/@vue/runtime-core/-/runtime-core-3.2.13.tgz#8b62f92642e56af71d0d35a9f0065daf6f9eb3fb"
  integrity sha512-VQedL9Wa7yWMPVDrIkxzLCm6cWCDBoXcXc+jrsOJkqpWhEeA7+zGOsDsHzhLH8aaJD6vdnUR5Cy0EKvoJDqEWQ==
  dependencies:
    "@vue/reactivity" "3.2.13"
    "@vue/shared" "3.2.13"

"@vue/runtime-dom@3.2.13":
  version "3.2.13"
  resolved "https://registry.yarnpkg.com/@vue/runtime-dom/-/runtime-dom-3.2.13.tgz#238f517a75765719f8373409cee853775c636f92"
  integrity sha512-DVG+ItkrnCOEa9HSrmGBTLwv/gBVYCO8wkm/yv+d5ChoTnyIILxP0oCiZEPJsgWZfUSRPNi5rXozwo7F99MiwQ==
  dependencies:
    "@vue/runtime-core" "3.2.13"
    "@vue/shared" "3.2.13"
    csstype "^2.6.8"

"@vue/server-renderer@3.2.13":
  version "3.2.13"
  resolved "https://registry.yarnpkg.com/@vue/server-renderer/-/server-renderer-3.2.13.tgz#b10a564be67eec6721f90b36c3c817c19e6064b4"
  integrity sha512-KI+JFV+vRb95+Jb6IwRRm4Vhvj8wrJTNs+OlATfqwwIRpBGAyxn/4knDJYzlnUf/mrKAkrbw751mHhi+pEwILQ==
  dependencies:
    "@vue/compiler-ssr" "3.2.13"
    "@vue/shared" "3.2.13"

"@vue/shared@3.2.13":
  version "3.2.13"
  resolved "https://registry.yarnpkg.com/@vue/shared/-/shared-3.2.13.tgz#c830ef966d7af12598e0ea862a55695ea589cd47"
  integrity sha512-F/gs3kHQ8Xeo24F6EImOvBiIoYQsBjF9qoLzvk+LHxYN6ZhIDEL1NWrBFYzdFQ7NphjEYd4EvPZ+Qee+WX8P6w==

"@vue/theme@^0.1.10":
  version "0.1.10"
  resolved "https://registry.yarnpkg.com/@vue/theme/-/theme-0.1.10.tgz#46483e437db0ea635dfc32fe193c276d937908f2"
  integrity sha512-zd2NS1d1sqjZmw+nwNiFXMfwwhif7KXOE3SGwxaieDZAenIUpIyBEwphJOqTd69HIS6/IolBA/KY2CGi34v7rA==
  dependencies:
    "@docsearch/css" "^1.0.0-alpha.28"
    "@docsearch/js" "^1.0.0-alpha.28"
    "@vueuse/core" "^5.0.2"
    body-scroll-lock "^3.1.5"
    normalize.css "^8.0.1"
    shiki "^0.9.9"

"@vueuse/core@^5.0.2":
  version "5.3.0"
  resolved "https://registry.yarnpkg.com/@vueuse/core/-/core-5.3.0.tgz#d8c6e939e18089afa224fab6e443fae2bdb57a51"
  integrity sha512-bBL1/JMRHFWmbgQzUZHF4WOwlqfenR1B8+elriXsbnHlogQM5foSz9++WyDBR0YPIVgCJq7fvNLqd4T7+cjc5w==
  dependencies:
    "@vueuse/shared" "5.3.0"
    vue-demi "*"

"@vueuse/shared@5.3.0":
  version "5.3.0"
  resolved "https://registry.yarnpkg.com/@vueuse/shared/-/shared-5.3.0.tgz#2b9583f80f1284242f808925e7e141310e400e45"
  integrity sha512-qZfkPFH0qTScFpYiPOFpTcxWriRhlM3bgSzl3DFTgr/U0eZg3w2EFWaRZHdWeSvAUdNQyjOC4Toa8S0zJyEjHw==
  dependencies:
    vue-demi "*"

algoliasearch@^4.0.0:
  version "4.10.5"
  resolved "https://registry.yarnpkg.com/algoliasearch/-/algoliasearch-4.10.5.tgz#1faf34a3ae5ac3bef27282eb141251c70c7f5db2"
  integrity sha512-KmH2XkiN+8FxhND4nWFbQDkIoU6g2OjfeU9kIv4Lb+EiOOs3Gpp7jvd+JnatsCisAZsnWQdjd7zVlW7I/85QvQ==
  dependencies:
    "@algolia/cache-browser-local-storage" "4.10.5"
    "@algolia/cache-common" "4.10.5"
    "@algolia/cache-in-memory" "4.10.5"
    "@algolia/client-account" "4.10.5"
    "@algolia/client-analytics" "4.10.5"
    "@algolia/client-common" "4.10.5"
    "@algolia/client-personalization" "4.10.5"
    "@algolia/client-search" "4.10.5"
    "@algolia/logger-common" "4.10.5"
    "@algolia/logger-console" "4.10.5"
    "@algolia/requester-browser-xhr" "4.10.5"
    "@algolia/requester-common" "4.10.5"
    "@algolia/requester-node-http" "4.10.5"
    "@algolia/transporter" "4.10.5"

body-scroll-lock@^3.1.5:
  version "3.1.5"
  resolved "https://registry.yarnpkg.com/body-scroll-lock/-/body-scroll-lock-3.1.5.tgz#c1392d9217ed2c3e237fee1e910f6cdd80b7aaec"
  integrity sha512-Yi1Xaml0EvNA0OYWxXiYNqY24AfWkbA6w5vxE7GWxtKfzIbZM+Qw+aSmkgsbWzbHiy/RCSkUZBplVxTA+E4jJg==

cheap-watch@^1.0.3:
  version "1.0.4"
  resolved "https://registry.yarnpkg.com/cheap-watch/-/cheap-watch-1.0.4.tgz#0bcb4a3a8fbd9d5327936493f6b56baa668d8fef"
  integrity sha512-QR/9FrtRL5fjfUJBhAKCdi0lSRQ3rVRRum3GF9wDKp2TJbEIMGhUEr2yU8lORzm9Isdjx7/k9S0DFDx+z5VGtw==

colorette@^1.2.2:
  version "1.4.0"
  resolved "https://registry.yarnpkg.com/colorette/-/colorette-1.4.0.tgz#5190fbb87276259a86ad700bff2c6d6faa3fca40"
  integrity sha512-Y2oEozpomLn7Q3HFP7dpww7AtMJplbM9lGZP6RDfHqmbeRjiwRg4n6VM6j4KLmRke85uWEI7JqF17f3pqdRA0g==

csstype@^2.6.8:
  version "2.6.18"
  resolved "https://registry.yarnpkg.com/csstype/-/csstype-2.6.18.tgz#980a8b53085f34af313410af064f2bd241784218"
  integrity sha512-RSU6Hyeg14am3Ah4VZEmeX8H7kLwEEirXe6aU2IPfKNvhXwTflK5HQRDNI0ypQXoqmm+QPyG2IaPuQE5zMwSIQ==

esbuild@^0.12.17:
  version "0.12.28"
  resolved "https://registry.yarnpkg.com/esbuild/-/esbuild-0.12.28.tgz#84da0d2a0d0dee181281545271e0d65cf6fab1ef"
  integrity sha512-pZ0FrWZXlvQOATlp14lRSk1N9GkeJ3vLIwOcUoo3ICQn9WNR4rWoNi81pbn6sC1iYUy7QPqNzI3+AEzokwyVcA==

estree-walker@^2.0.2:
  version "2.0.2"
  resolved "https://registry.yarnpkg.com/estree-walker/-/estree-walker-2.0.2.tgz#52f010178c2a4c117a7757cfe942adb7d2da4cac"
  integrity sha512-Rfkk/Mp/DL7JVje3u18FxFujQlTNR2q6QfMSMB7AvCBx91NGj/ba3kCfza0f6dVDbw7YlRf/nDrn7pQrCCyQ/w==

fsevents@~2.3.2:
  version "2.3.2"
  resolved "https://registry.yarnpkg.com/fsevents/-/fsevents-2.3.2.tgz#8a526f78b8fdf4623b709e0b975c52c24c02fd1a"
  integrity sha512-xiqMQR4xAeHTuB9uWm+fFRcIOgKBMiOBP+eXiyT7jsgVCq1bkVygt00oASowB7EdtpOHaaPgKt812P9ab+DDKA==

function-bind@^1.1.1:
  version "1.1.1"
  resolved "https://registry.yarnpkg.com/function-bind/-/function-bind-1.1.1.tgz#a56899d3ea3c9bab874bb9773b7c5ede92f4895d"
  integrity sha512-yIovAzMX49sF8Yl58fSCWJ5svSLuaibPxXQJFLmBObTuCr0Mf1KiPopGM9NiFjiYBCbfaa2Fh6breQ6ANVTI0A==

has@^1.0.3:
  version "1.0.3"
  resolved "https://registry.yarnpkg.com/has/-/has-1.0.3.tgz#722d7cbfc1f6aa8241f16dd814e011e1f41e8796"
  integrity sha512-f2dvO0VU6Oej7RkWJGrehjbzMAjFp5/VKPp5tTpWIV4JHHZK1/BxbFRtf/siA2SWTe09caDmVtYYzWEIbBS4zw==
  dependencies:
    function-bind "^1.1.1"

is-core-module@^2.2.0:
  version "2.6.0"
  resolved "https://registry.yarnpkg.com/is-core-module/-/is-core-module-2.6.0.tgz#d7553b2526fe59b92ba3e40c8df757ec8a709e19"
  integrity sha512-wShG8vs60jKfPWpF2KZRaAtvt3a20OAn7+IJ6hLPECpSABLcKtFKTTI4ZtH5QcBruBHlq+WsdHWyz0BCZW7svQ==
  dependencies:
    has "^1.0.3"

jsonc-parser@^3.0.0:
  version "3.0.0"
  resolved "https://registry.yarnpkg.com/jsonc-parser/-/jsonc-parser-3.0.0.tgz#abdd785701c7e7eaca8a9ec8cf070ca51a745a22"
  integrity sha512-fQzRfAbIBnR0IQvftw9FJveWiHp72Fg20giDrHz6TdfB12UH/uue0D3hm57UB5KgAVuniLMCaS8P1IMj9NR7cA==

lru-cache@^5.1.1:
  version "5.1.1"
  resolved "https://registry.yarnpkg.com/lru-cache/-/lru-cache-5.1.1.tgz#1da27e6710271947695daf6848e847f01d84b920"
  integrity sha512-KpNARQA3Iwv+jTA0utUVVbrh+Jlrr1Fv0e56GGzAFOXN7dk/FviaDW8LHmK52DlcH4WP2n6gI8vN1aesBFgo9w==
  dependencies:
    yallist "^3.0.2"

magic-string@^0.25.7:
  version "0.25.7"
  resolved "https://registry.yarnpkg.com/magic-string/-/magic-string-0.25.7.tgz#3f497d6fd34c669c6798dcb821f2ef31f5445051"
  integrity sha512-4CrMT5DOHTDk4HYDlzmwu4FVCcIYI8gauveasrdCu2IKIFOJ3f0v/8MDGJCDL9oD2ppz/Av1b0Nj345H9M+XIA==
  dependencies:
    sourcemap-codec "^1.4.4"

nanoid@^3.1.23:
  version "3.1.25"
  resolved "https://registry.yarnpkg.com/nanoid/-/nanoid-3.1.25.tgz#09ca32747c0e543f0e1814b7d3793477f9c8e152"
  integrity sha512-rdwtIXaXCLFAQbnfqDRnI6jaRHp9fTcYBjtFKE8eezcZ7LuLjhUaQGNeMXf1HmRoCH32CLz6XwX0TtxEOS/A3Q==

normalize.css@^8.0.1:
  version "8.0.1"
  resolved "https://registry.yarnpkg.com/normalize.css/-/normalize.css-8.0.1.tgz#9b98a208738b9cc2634caacbc42d131c97487bf3"
  integrity sha512-qizSNPO93t1YUuUhP22btGOo3chcvDFqFaj2TRybP0DMxkHOCTYwp3n34fel4a31ORXy4m1Xq0Gyqpb5m33qIg==

onigasm@^2.2.5:
  version "2.2.5"
  resolved "https://registry.yarnpkg.com/onigasm/-/onigasm-2.2.5.tgz#cc4d2a79a0fa0b64caec1f4c7ea367585a676892"
  integrity sha512-F+th54mPc0l1lp1ZcFMyL/jTs2Tlq4SqIHKIXGZOR/VkHkF9A7Fr5rRr5+ZG/lWeRsyrClLYRq7s/yFQ/XhWCA==
  dependencies:
    lru-cache "^5.1.1"

path-parse@^1.0.6:
  version "1.0.7"
  resolved "https://registry.yarnpkg.com/path-parse/-/path-parse-1.0.7.tgz#fbc114b60ca42b30d9daf5858e4bd68bbedb6735"
  integrity sha512-LDJzPVEEEPR+y48z93A0Ed0yXb8pAByGWo/k5YYdYgpY2/2EsOsksJrq7lOHxryrVOn1ejG6oAp8ahvOIQD8sw==

postcss@^8.1.10, postcss@^8.3.6:
  version "8.3.6"
  resolved "https://registry.yarnpkg.com/postcss/-/postcss-8.3.6.tgz#2730dd76a97969f37f53b9a6096197be311cc4ea"
  integrity sha512-wG1cc/JhRgdqB6WHEuyLTedf3KIRuD0hG6ldkFEZNCjRxiC+3i6kkWUUbiJQayP28iwG35cEmAbe98585BYV0A==
  dependencies:
    colorette "^1.2.2"
    nanoid "^3.1.23"
    source-map-js "^0.6.2"

preact@^10.0.0:
  version "10.5.14"
  resolved "https://registry.yarnpkg.com/preact/-/preact-10.5.14.tgz#0b14a2eefba3c10a57116b90d1a65f5f00cd2701"
  integrity sha512-KojoltCrshZ099ksUZ2OQKfbH66uquFoxHSbnwKbTJHeQNvx42EmC7wQVWNuDt6vC5s3nudRHFtKbpY4ijKlaQ==

prismjs@^1.23.0:
  version "1.25.0"
  resolved "https://registry.yarnpkg.com/prismjs/-/prismjs-1.25.0.tgz#6f822df1bdad965734b310b315a23315cf999756"
  integrity sha512-WCjJHl1KEWbnkQom1+SzftbtXMKQoezOCYs5rECqMN+jP+apI7ftoflyqigqzopSO3hMhTEb0mFClA8lkolgEg==

resolve@^1.20.0:
  version "1.20.0"
  resolved "https://registry.yarnpkg.com/resolve/-/resolve-1.20.0.tgz#629a013fb3f70755d6f0b7935cc1c2c5378b1975"
  integrity sha512-wENBPt4ySzg4ybFQW2TT1zMQucPK95HSh/nq2CFTZVOGut2+pQvSsgtda4d26YrYcr067wjbmzOG8byDPBX63A==
  dependencies:
    is-core-module "^2.2.0"
    path-parse "^1.0.6"

rollup@^2.38.5:
  version "2.56.3"
  resolved "https://registry.yarnpkg.com/rollup/-/rollup-2.56.3.tgz#b63edadd9851b0d618a6d0e6af8201955a77aeff"
  integrity sha512-Au92NuznFklgQCUcV96iXlxUbHuB1vQMaH76DHl5M11TotjOHwqk9CwcrT78+Tnv4FN9uTBxq6p4EJoYkpyekg==
  optionalDependencies:
    fsevents "~2.3.2"

shiki@^0.9.9:
  version "0.9.11"
  resolved "https://registry.yarnpkg.com/shiki/-/shiki-0.9.11.tgz#07d75dab2abb6dc12a01f79a397cb1c391fa22d8"
  integrity sha512-tjruNTLFhU0hruCPoJP0y+B9LKOmcqUhTpxn7pcJB3fa+04gFChuEmxmrUfOJ7ZO6Jd+HwMnDHgY3lv3Tqonuw==
  dependencies:
    jsonc-parser "^3.0.0"
    onigasm "^2.2.5"
    vscode-textmate "5.2.0"

source-map-js@^0.6.2:
  version "0.6.2"
  resolved "https://registry.yarnpkg.com/source-map-js/-/source-map-js-0.6.2.tgz#0bb5de631b41cfbda6cfba8bd05a80efdfd2385e"
  integrity sha512-/3GptzWzu0+0MBQFrDKzw/DvvMTUORvgY6k6jd/VS6iCR4RDTKWH6v6WPwQoUO8667uQEf9Oe38DxAYWY5F/Ug==

source-map@^0.6.1:
  version "0.6.1"
  resolved "https://registry.yarnpkg.com/source-map/-/source-map-0.6.1.tgz#74722af32e9614e9c287a8d0bbde48b5e2f1a263"
  integrity sha512-UjgapumWlbMhkBgzT7Ykc5YXUT46F0iKu8SGXq0bcwP5dz/h0Plj6enJqjz1Zbq2l5WaqYnrVbwWOWMyF3F47g==

sourcemap-codec@^1.4.4:
  version "1.4.8"
  resolved "https://registry.yarnpkg.com/sourcemap-codec/-/sourcemap-codec-1.4.8.tgz#ea804bd94857402e6992d05a38ef1ae35a9ab4c4"
  integrity sha512-9NykojV5Uih4lgo5So5dtw+f0JgJX30KCNI8gwhz2J9A15wD0Ml6tjHKwf6fTSa6fAdVBdZeNOs9eJ71qCk8vA==

vite@^2.5.0:
  version "2.5.10"
  resolved "https://registry.yarnpkg.com/vite/-/vite-2.5.10.tgz#c598e3b5a7e1956ffc52eb3b3420d177fc2ed2a5"
  integrity sha512-0ObiHTi5AHyXdJcvZ67HMsDgVpjT5RehvVKv6+Q0jFZ7zDI28PF5zK9mYz2avxdA+4iJMdwCz6wnGNnn4WX5Gg==
  dependencies:
    esbuild "^0.12.17"
    postcss "^8.3.6"
    resolve "^1.20.0"
    rollup "^2.38.5"
  optionalDependencies:
    fsevents "~2.3.2"

vitepress@^0.19.1:
  version "0.19.1"
  resolved "https://registry.yarnpkg.com/vitepress/-/vitepress-0.19.1.tgz#972fb8eb5687d26e4f7048796366dfb565aef8e4"
  integrity sha512-+tC2xy4r6zcYlUypyJPIsQd3lhNtomNUMo9r5JD+A721sb686lxmlsYrYYKf2vZ9DWUQ3T091u3tET7vJnZwjw==
  dependencies:
    "@docsearch/css" "^1.0.0-alpha.28"
    "@docsearch/js" "^1.0.0-alpha.28"
    "@vitejs/plugin-vue" "^1.9.0"
    prismjs "^1.23.0"
    vite "^2.5.0"
    vue "^3.2.13"

vscode-textmate@5.2.0:
  version "5.2.0"
  resolved "https://registry.yarnpkg.com/vscode-textmate/-/vscode-textmate-5.2.0.tgz#01f01760a391e8222fe4f33fbccbd1ad71aed74e"
  integrity sha512-Uw5ooOQxRASHgu6C7GVvUxisKXfSgW4oFlO+aa+PAkgmH89O3CXxEEzNRNtHSqtXFTl0nAC1uYj0GMSH27uwtQ==

vue-demi@*:
  version "0.11.4"
  resolved "https://registry.yarnpkg.com/vue-demi/-/vue-demi-0.11.4.tgz#6101992fe4724cf5634018a16e953f3052e94e2a"
  integrity sha512-/3xFwzSykLW2HiiLie43a+FFgNOcokbBJ+fzvFXd0r2T8MYohqvphUyDQ8lbAwzQ3Dlcrb1c9ykifGkhSIAk6A==

vue@^3.2.13:
  version "3.2.13"
  resolved "https://registry.yarnpkg.com/vue/-/vue-3.2.13.tgz#9d1a94fc62dc29ae21a3dd0d8ee24198e421671e"
  integrity sha512-raTGvLXXTdMxrhQKY1r1YFXZMmjbjTe7QHBW9EU4CgCBhq8DbgyLqgILcSUZmeFyazk5WY7a7xu0VYmHElf4lA==
  dependencies:
    "@vue/compiler-dom" "3.2.13"
    "@vue/compiler-sfc" "3.2.13"
    "@vue/runtime-dom" "3.2.13"
    "@vue/server-renderer" "3.2.13"
    "@vue/shared" "3.2.13"

yallist@^3.0.2:
  version "3.1.1"
  resolved "https://registry.yarnpkg.com/yallist/-/yallist-3.1.1.tgz#dbb7daf9bfd8bac9ab45ebf602b8cbad0d5d08fd"
  integrity sha512-a4UGQaWPH59mOXUYnAG2ewncQS4i4F43Tv3JoAM+s2VDAmS9NsK8GpDMLrCHPksFT7h3K6TOoUNn2pb7RoXx4g==
